Microsoft Visual Studio Solution File, Format Version 11.00
# Visual Studio 2008

Project("{D7FEA6F3-4164-FDEA-603D-DC1C6A5FA017}") = "Art Thief develop", "Assembly-CSharp.csproj", "{E493A7CA-7D14-3D66-7DE2-49A3E57DDEB2}"
EndProject
Global
	GlobalSection(SolutionConfigurationPlatforms) = preSolution
		Debug|Any CPU = Debug|Any CPU
		Release|Any CPU = Release|Any CPU
	EndGlobalSection
	GlobalSection(ProjectConfigurationPlatforms) = postSolution
		{E493A7CA-7D14-3D66-7DE2-49A3E57DDEB2}.Debug|Any CPU.ActiveCfg = Debug|Any CPU
		{E493A7CA-7D14-3D66-7DE2-49A3E57DDEB2}.Debug|Any CPU.Build.0 = Debug|Any CPU
		{E493A7CA-7D14-3D66-7DE2-49A3E57DDEB2}.Release|Any CPU.ActiveCfg = Release|Any CPU
		{E493A7CA-7D14-3D66-7DE2-49A3E57DDEB2}.Release|Any CPU.Build.0 = Release|Any CPU
	EndGlobalSection
	GlobalSection(SolutionProperties) = preSolution
		HideSolutionNode = FALSE
	EndGlobalSection
																																																																																								GlobalSection(MonoDevelopProperties) = preSolution
		StartupItem = Assembly-CSharp.csproj
		Policies = $0
		$0.TextStylePolicy = $1
		$1.inheritsSet = null
		$1.scope = text/x-csharp
		$0.CSharpFormattingPolicy = $2
		$2.inheritsSet = Mono
		$2.inheritsScope = text/x-csharp
		$2.scope = text/x-csharp
		$0.TextStylePolicy = $3
		$3.FileWidth = 120
		$3.TabWidth = 4
		$3.EolMarker = Unix
		$3.inheritsSet = Mono
		$3.inheritsScope = text/plain
		$3.scope = text/plain
	EndGlobalSection

EndGlobal
